
Microsoft Visual Studio Solution File, Format Version 12.00
# Visual Studio 2012
Project("{FAE04EC0-301F-11D3-BF4B-00C04F79EFBC}") = "CheckBoxListHtmlHelper.Web", "CheckBoxListHtmlHelper.Web\CheckBoxListHtmlHelper.Web.csproj", "{FCDBCA15-BF9F-4107-891F-9A422C611465}"
EndProject
Project("{FAE04EC0-301F-11D3-BF4B-00C04F79EFBC}") = "CheckBoxListHtmlHelper", "CheckBoxListHtmlHelper\CheckBoxListHtmlHelper.csproj", "{603BC077-0EDA-4A3F-BFE6-5E8A2B0DE4B9}"
EndProject
Global
	GlobalSection(SolutionConfigurationPlatforms) = preSolution
		Debug|Any CPU = Debug|Any CPU
		Release|Any CPU = Release|Any CPU
	EndGlobalSection
	GlobalSection(ProjectConfigurationPlatforms) = postSolution
		{FCDBCA15-BF9F-4107-891F-9A422C611465}.Debug|Any CPU.ActiveCfg = Debug|Any CPU
		{FCDBCA15-BF9F-4107-891F-9A422C611465}.Debug|Any CPU.Build.0 = Debug|Any CPU
		{FCDBCA15-BF9F-4107-891F-9A422C611465}.Release|Any CPU.ActiveCfg = Release|Any CPU
		{FCDBCA15-BF9F-4107-891F-9A422C611465}.Release|Any CPU.Build.0 = Release|Any CPU
		{603BC077-0EDA-4A3F-BFE6-5E8A2B0DE4B9}.Debug|Any CPU.ActiveCfg = Debug|Any CPU
		{603BC077-0EDA-4A3F-BFE6-5E8A2B0DE4B9}.Debug|Any CPU.Build.0 = Debug|Any CPU
		{603BC077-0EDA-4A3F-BFE6-5E8A2B0DE4B9}.Release|Any CPU.ActiveCfg = Release|Any CPU
		{603BC077-0EDA-4A3F-BFE6-5E8A2B0DE4B9}.Release|Any CPU.Build.0 = Release|Any CPU
	EndGlobalSection
	GlobalSection(SolutionProperties) = preSolution
		HideSolutionNode = FALSE
	EndGlobalSection
EndGlobal
